
Microsoft Visual Studio Solution File, Format Version 12.00
# Visual Studio Version 16
VisualStudioVersion = 16.0.31624.102
MinimumVisualStudioVersion = 10.0.40219.1
Project("{FAE04EC0-301F-11D3-BF4B-00C04F79EFBC}") = "Project  Program Residence", "Project  Program Residence.csproj", "{A2C76F1C-2839-45C8-B28B-DD0410679A24}"
EndProject
Global
	GlobalSection(SolutionConfigurationPlatforms) = preSolution
		Debug|Any CPU = Debug|Any CPU
		Release|Any CPU = Release|Any CPU
	EndGlobalSection
	GlobalSection(ProjectConfigurationPlatforms) = postSolution
		{A2C76F1C-2839-45C8-B28B-DD0410679A24}.Debug|Any CPU.ActiveCfg = Debug|Any CPU
		{A2C76F1C-2839-45C8-B28B-DD0410679A24}.Debug|Any CPU.Build.0 = Debug|Any CPU
		{A2C76F1C-2839-45C8-B28B-DD0410679A24}.Release|Any CPU.ActiveCfg = Release|Any CPU
		{A2C76F1C-2839-45C8-B28B-DD0410679A24}.Release|Any CPU.Build.0 = Release|Any CPU
	EndGlobalSection
	GlobalSection(SolutionProperties) = preSolution
		HideSolutionNode = FALSE
	EndGlobalSection
	GlobalSection(ExtensibilityGlobals) = postSolution
		SolutionGuid = {2E0EE636-2F52-4FD7-9A81-0F97B8B71BD7}
	EndGlobalSection
EndGlobal
